
Microsoft Visual Studio Solution File, Format Version 11.00
# Visual Studio 2010
Project("{FAE04EC0-301F-11D3-BF4B-00C04F79EFBC}") = "upload_iamge_display", "upload_iamge_display\upload_iamge_display.csproj", "{645E8011-223F-4DBD-BA0A-33D26B2044F4}"
EndProject
Global
	GlobalSection(SolutionConfigurationPlatforms) = preSolution
		Debug|Any CPU = Debug|Any CPU
		Release|Any CPU = Release|Any CPU
	EndGlobalSection
	GlobalSection(ProjectConfigurationPlatforms) = postSolution
		{645E8011-223F-4DBD-BA0A-33D26B2044F4}.Debug|Any CPU.ActiveCfg = Debug|Any CPU
		{645E8011-223F-4DBD-BA0A-33D26B2044F4}.Debug|Any CPU.Build.0 = Debug|Any CPU
		{645E8011-223F-4DBD-BA0A-33D26B2044F4}.Release|Any CPU.ActiveCfg = Release|Any CPU
		{645E8011-223F-4DBD-BA0A-33D26B2044F4}.Release|Any CPU.Build.0 = Release|Any CPU
	EndGlobalSection
	GlobalSection(SolutionProperties) = preSolution
		HideSolutionNode = FALSE
	EndGlobalSection
EndGlobal
