
Microsoft Visual Studio Solution File, Format Version 12.00
# Visual Studio Version 17
VisualStudioVersion = 17.8.34525.116
MinimumVisualStudioVersion = 10.0.40219.1
Project("{FAE04EC0-301F-11D3-BF4B-00C04F79EFBC}") = "Demo", "Demo\Demo.csproj", "{8F044F2C-9E3F-4BC7-A95E-091435A4F742}"
EndProject
Global
	GlobalSection(SolutionConfigurationPlatforms) = preSolution
		Debug|Any CPU = Debug|Any CPU
		Release|Any CPU = Release|Any CPU
	EndGlobalSection
	GlobalSection(ProjectConfigurationPlatforms) = postSolution
		{8F044F2C-9E3F-4BC7-A95E-091435A4F742}.Debug|Any CPU.ActiveCfg = Debug|Any CPU
		{8F044F2C-9E3F-4BC7-A95E-091435A4F742}.Debug|Any CPU.Build.0 = Debug|Any CPU
		{8F044F2C-9E3F-4BC7-A95E-091435A4F742}.Release|Any CPU.ActiveCfg = Release|Any CPU
		{8F044F2C-9E3F-4BC7-A95E-091435A4F742}.Release|Any CPU.Build.0 = Release|Any CPU
	EndGlobalSection
	GlobalSection(SolutionProperties) = preSolution
		HideSolutionNode = FALSE
	EndGlobalSection
	GlobalSection(ExtensibilityGlobals) = postSolution
		SolutionGuid = {231BD24A-E30E-4BF6-A229-2078CFC71528}
	EndGlobalSection
EndGlobal
