
Microsoft Visual Studio Solution File, Format Version 12.00
# Visual Studio Version 17
VisualStudioVersion = 17.8.34525.116
MinimumVisualStudioVersion = 10.0.40219.1
Project("{FAE04EC0-301F-11D3-BF4B-00C04F79EFBC}") = "primenum", "primenum\primenum.csproj", "{C5DCC92A-C14D-45DE-B08D-3F4C6EA58BD9}"
EndProject
Global
	GlobalSection(SolutionConfigurationPlatforms) = preSolution
		Debug|Any CPU = Debug|Any CPU
		Release|Any CPU = Release|Any CPU
	EndGlobalSection
	GlobalSection(ProjectConfigurationPlatforms) = postSolution
		{C5DCC92A-C14D-45DE-B08D-3F4C6EA58BD9}.Debug|Any CPU.ActiveCfg = Debug|Any CPU
		{C5DCC92A-C14D-45DE-B08D-3F4C6EA58BD9}.Debug|Any CPU.Build.0 = Debug|Any CPU
		{C5DCC92A-C14D-45DE-B08D-3F4C6EA58BD9}.Release|Any CPU.ActiveCfg = Release|Any CPU
		{C5DCC92A-C14D-45DE-B08D-3F4C6EA58BD9}.Release|Any CPU.Build.0 = Release|Any CPU
	EndGlobalSection
	GlobalSection(SolutionProperties) = preSolution
		HideSolutionNode = FALSE
	EndGlobalSection
	GlobalSection(ExtensibilityGlobals) = postSolution
		SolutionGuid = {DB4C671F-AD63-441E-8B82-EE821675068C}
	EndGlobalSection
EndGlobal
